{
    "_meta": {
        "hash": {
            "sha256": "e74c8a9dcd1f9f485f77125d5a609a2d47e32fa4e6b8704294e8d47140fbeb01"
        },
        "pipfile-spec": 6,
        "requires": {
            "python_version": "3.8"
        },
        "sources": [
            {
                "name": "pip_conf_index_global",
                "url": "https://pypi.tuna.tsinghua.edu.cn/simple",
                "verify_ssl": true
            }
        ]
    },
    "default": {
        "python-dotenv": {
            "hashes": [
                "sha256:a8df96034aae6d2d50a4ebe8216326c61c3eb64836776504fcca410e5937a3ba",
                "sha256:f5971a9226b701070a4bf2c38c89e5a3f0d64de8debda981d1db98583009122a"
            ],
            "index": "pip_conf_index_global",
            "version": "==1.0.0"
        }
    },
    "develop": {}
}
